
Microsoft Visual Studio Solution File, Format Version 12.00
# Visual Studio Version 16
VisualStudioVersion = 16.0.32106.194
MinimumVisualStudioVersion = 10.0.40219.1
Project("{9A19103F-16F7-4668-BE54-9A1E7A4F7556}") = "TeamBigData.Utification.Logging", "TeamBigData.Utification.Logging\TeamBigData.Utification.Logging.csproj", "{9E786050-0D4B-4103-BA05-5C7D65A0282E}"
EndProject
Project("{2150E333-8FDC-42A3-9474-1A3956D46DE8}") = "EntryPoint", "EntryPoint", "{0F33D87F-F857-458E-AFA4-3B29ACA15BA8}"
EndProject
Project("{2150E333-8FDC-42A3-9474-1A3956D46DE8}") = "LoggingManager", "LoggingManager", "{A069C751-9E20-4863-A353-C5056723588C}"
EndProject
Project("{2150E333-8FDC-42A3-9474-1A3956D46DE8}") = "LoggingServices", "LoggingServices", "{3C3FCBDE-7010-48F5-8042-5BFFF3657646}"
EndProject
Project("{2150E333-8FDC-42A3-9474-1A3956D46DE8}") = "zLoggingDataAccess", "zLoggingDataAccess", "{4FFB7970-CC43-478E-AFB6-0DB98C35B874}"
EndProject
Project("{2150E333-8FDC-42A3-9474-1A3956D46DE8}") = "zLoggingDataStore", "zLoggingDataStore", "{746C8443-05BD-4CB4-B070-8225C34E043C}"
EndProject
Project("{2150E333-8FDC-42A3-9474-1A3956D46DE8}") = "Test", "Test", "{7C5DF5CF-7F13-4822-9DAE-6CB6293CEA85}"
EndProject
Project("{9A19103F-16F7-4668-BE54-9A1E7A4F7556}") = "TeamBigData.Utification.DALogging", "TeamBigData.Utification.DALogging\TeamBigData.Utification.DALogging.csproj", "{8A48C1C4-27FC-4FCC-94FA-87BC59980F3D}"
EndProject
Project("{9A19103F-16F7-4668-BE54-9A1E7A4F7556}") = "TeamBigDta.Utification.Logging.Test", "TeamBigDta.Utification.Logging.Test\TeamBigDta.Utification.Logging.Test.csproj", "{9E5AF6E0-B710-44C1-ABC3-F064ED22DFA3}"
EndProject
Project("{FAE04EC0-301F-11D3-BF4B-00C04F79EFBC}") = "TeamBigData.Utification.LogServices", "TeamBigData.Utification.LogServices\TeamBigData.Utification.LogServices.csproj", "{B337E6B5-4D2C-4859-9225-99BD22B326AB}"
EndProject
Project("{FAE04EC0-301F-11D3-BF4B-00C04F79EFBC}") = "TeamBigData.Utification.LogBusiness", "TeamBigData.Utification.LogBusiness\TeamBigData.Utification.LogBusiness.csproj", "{51414C3A-4C7F-4ADF-A836-3631DCFD0FF7}"
EndProject
Project("{2150E333-8FDC-42A3-9474-1A3956D46DE8}") = "CrossCutting", "CrossCutting", "{42969DCA-0DCB-4680-A868-77A6B7FE3456}"
EndProject
Project("{FAE04EC0-301F-11D3-BF4B-00C04F79EFBC}") = "TeamBigData.Utification.Cross", "TeamBigData.Utification.Cross\TeamBigData.Utification.Cross.csproj", "{C63F7157-8ABE-4B3A-93F4-F338F674A8FE}"
EndProject
Project("{FAE04EC0-301F-11D3-BF4B-00C04F79EFBC}") = "TeamBigData.Utification.Client", "TeamBigData.Utification.Client\TeamBigData.Utification.Client.csproj", "{55CC4AEB-7EBC-4DB5-8E70-623F29BD1715}"
EndProject
Global
	GlobalSection(SolutionConfigurationPlatforms) = preSolution
		Debug|Any CPU = Debug|Any CPU
		Release|Any CPU = Release|Any CPU
	EndGlobalSection
	GlobalSection(ProjectConfigurationPlatforms) = postSolution
		{9E786050-0D4B-4103-BA05-5C7D65A0282E}.Debug|Any CPU.ActiveCfg = Debug|Any CPU
		{9E786050-0D4B-4103-BA05-5C7D65A0282E}.Debug|Any CPU.Build.0 = Debug|Any CPU
		{9E786050-0D4B-4103-BA05-5C7D65A0282E}.Release|Any CPU.ActiveCfg = Release|Any CPU
		{9E786050-0D4B-4103-BA05-5C7D65A0282E}.Release|Any CPU.Build.0 = Release|Any CPU
		{8A48C1C4-27FC-4FCC-94FA-87BC59980F3D}.Debug|Any CPU.ActiveCfg = Debug|Any CPU
		{8A48C1C4-27FC-4FCC-94FA-87BC59980F3D}.Debug|Any CPU.Build.0 = Debug|Any CPU
		{8A48C1C4-27FC-4FCC-94FA-87BC59980F3D}.Release|Any CPU.ActiveCfg = Release|Any CPU
		{8A48C1C4-27FC-4FCC-94FA-87BC59980F3D}.Release|Any CPU.Build.0 = Release|Any CPU
		{9E5AF6E0-B710-44C1-ABC3-F064ED22DFA3}.Debug|Any CPU.ActiveCfg = Debug|Any CPU
		{9E5AF6E0-B710-44C1-ABC3-F064ED22DFA3}.Debug|Any CPU.Build.0 = Debug|Any CPU
		{9E5AF6E0-B710-44C1-ABC3-F064ED22DFA3}.Release|Any CPU.ActiveCfg = Release|Any CPU
		{9E5AF6E0-B710-44C1-ABC3-F064ED22DFA3}.Release|Any CPU.Build.0 = Release|Any CPU
		{B337E6B5-4D2C-4859-9225-99BD22B326AB}.Debug|Any CPU.ActiveCfg = Debug|Any CPU
		{B337E6B5-4D2C-4859-9225-99BD22B326AB}.Debug|Any CPU.Build.0 = Debug|Any CPU
		{B337E6B5-4D2C-4859-9225-99BD22B326AB}.Release|Any CPU.ActiveCfg = Release|Any CPU
		{B337E6B5-4D2C-4859-9225-99BD22B326AB}.Release|Any CPU.Build.0 = Release|Any CPU
		{51414C3A-4C7F-4ADF-A836-3631DCFD0FF7}.Debug|Any CPU.ActiveCfg = Debug|Any CPU
		{51414C3A-4C7F-4ADF-A836-3631DCFD0FF7}.Debug|Any CPU.Build.0 = Debug|Any CPU
		{51414C3A-4C7F-4ADF-A836-3631DCFD0FF7}.Release|Any CPU.ActiveCfg = Release|Any CPU
		{51414C3A-4C7F-4ADF-A836-3631DCFD0FF7}.Release|Any CPU.Build.0 = Release|Any CPU
		{C63F7157-8ABE-4B3A-93F4-F338F674A8FE}.Debug|Any CPU.ActiveCfg = Debug|Any CPU
		{C63F7157-8ABE-4B3A-93F4-F338F674A8FE}.Debug|Any CPU.Build.0 = Debug|Any CPU
		{C63F7157-8ABE-4B3A-93F4-F338F674A8FE}.Release|Any CPU.ActiveCfg = Release|Any CPU
		{C63F7157-8ABE-4B3A-93F4-F338F674A8FE}.Release|Any CPU.Build.0 = Release|Any CPU
		{55CC4AEB-7EBC-4DB5-8E70-623F29BD1715}.Debug|Any CPU.ActiveCfg = Debug|Any CPU
		{55CC4AEB-7EBC-4DB5-8E70-623F29BD1715}.Debug|Any CPU.Build.0 = Debug|Any CPU
		{55CC4AEB-7EBC-4DB5-8E70-623F29BD1715}.Release|Any CPU.ActiveCfg = Release|Any CPU
		{55CC4AEB-7EBC-4DB5-8E70-623F29BD1715}.Release|Any CPU.Build.0 = Release|Any CPU
	EndGlobalSection
	GlobalSection(SolutionProperties) = preSolution
		HideSolutionNode = FALSE
	EndGlobalSection
	GlobalSection(NestedProjects) = preSolution
		{9E786050-0D4B-4103-BA05-5C7D65A0282E} = {0F33D87F-F857-458E-AFA4-3B29ACA15BA8}
		{8A48C1C4-27FC-4FCC-94FA-87BC59980F3D} = {4FFB7970-CC43-478E-AFB6-0DB98C35B874}
		{9E5AF6E0-B710-44C1-ABC3-F064ED22DFA3} = {7C5DF5CF-7F13-4822-9DAE-6CB6293CEA85}
		{B337E6B5-4D2C-4859-9225-99BD22B326AB} = {3C3FCBDE-7010-48F5-8042-5BFFF3657646}
		{51414C3A-4C7F-4ADF-A836-3631DCFD0FF7} = {A069C751-9E20-4863-A353-C5056723588C}
		{C63F7157-8ABE-4B3A-93F4-F338F674A8FE} = {42969DCA-0DCB-4680-A868-77A6B7FE3456}
		{55CC4AEB-7EBC-4DB5-8E70-623F29BD1715} = {0F33D87F-F857-458E-AFA4-3B29ACA15BA8}
	EndGlobalSection
	GlobalSection(ExtensibilityGlobals) = postSolution
		SolutionGuid = {323C1054-88D7-4D97-BF7A-FC1051B4CACD}
	EndGlobalSection
EndGlobal
