
Microsoft Visual Studio Solution File, Format Version 12.00
# Visual Studio Version 17
VisualStudioVersion = 17.3.32929.385
MinimumVisualStudioVersion = 10.0.40219.1
Project("{2150E333-8FDC-42A3-9474-1A3956D46DE8}") = "Cross-Cutting", "Cross-Cutting", "{3365193A-4AD7-4316-9605-2B9E666A6988}"
EndProject
Project("{2150E333-8FDC-42A3-9474-1A3956D46DE8}") = "DAL", "DAL", "{94B0631A-E644-4CF2-983B-96C2137BA4F9}"
EndProject
Project("{2150E333-8FDC-42A3-9474-1A3956D46DE8}") = "Manager", "Manager", "{3A51F7F3-2C14-4045-9D99-CC84346E2D47}"
EndProject
Project("{2150E333-8FDC-42A3-9474-1A3956D46DE8}") = "Service", "Service", "{F44CF66C-C235-4D52-8EDE-19D386F10DBA}"
EndProject
Project("{2150E333-8FDC-42A3-9474-1A3956D46DE8}") = "Tests", "Tests", "{F03EC98E-BAD9-49CB-AD9E-B43CAC58ED2D}"
EndProject
Project("{9A19103F-16F7-4668-BE54-9A1E7A4F7556}") = "TeamBigData.Utification.ErrorResponse", "TeamBigData.Utification.ErrorResponse\TeamBigData.Utification.ErrorResponse.csproj", "{4D0E90DA-19E0-4ADB-AB15-8345E51F2243}"
EndProject
Project("{9A19103F-16F7-4668-BE54-9A1E7A4F7556}") = "TeamBigData.Utification.Models", "TeamBigData.Utification.Models\TeamBigData.Utification.Models.csproj", "{2FF3E210-C0F5-4C92-8891-0FA761406BF5}"
EndProject
Project("{9A19103F-16F7-4668-BE54-9A1E7A4F7556}") = "TeamBigData.Utification.Logging", "TeamBigData.Utification.Logging\TeamBigData.Utification.Logging.csproj", "{F2DF83F4-3149-4F18-952F-8B2056E031D4}"
EndProject
Project("{9A19103F-16F7-4668-BE54-9A1E7A4F7556}") = "TeamBigData.Utification.SQLDataAccess", "TeamBigData.Utitification.SQLDataAccess\TeamBigData.Utification.SQLDataAccess.csproj", "{F59F2E16-5DE8-44B6-8C4F-BCD137A06944}"
EndProject
Project("{9A19103F-16F7-4668-BE54-9A1E7A4F7556}") = "TeamBigData.Utification.Manager", "TeamBigData.Utification.SecurityManager\TeamBigData.Utification.Manager.csproj", "{76451ED3-D845-47DC-96EA-4C8BD2F90C0B}"
EndProject
Project("{9A19103F-16F7-4668-BE54-9A1E7A4F7556}") = "TeamBigData.Utification.Cryptography", "TeamBigData.Utification.Cryptography\TeamBigData.Utification.Cryptography.csproj", "{2A188429-1F20-4C90-843F-A0AE722BA293}"
EndProject
Project("{9A19103F-16F7-4668-BE54-9A1E7A4F7556}") = "TeamBigData.Utification.AccountServices", "TeamBigData.Utification.AccountServices\TeamBigData.Utification.AccountServices.csproj", "{F7AE8B84-47C4-4620-A30B-29ACD8902C4D}"
EndProject
Project("{9A19103F-16F7-4668-BE54-9A1E7A4F7556}") = "TeamBigData.Utification.LoggingTests", "TeamBigData.Utification.LoggingTests\TeamBigData.Utification.LoggingTests.csproj", "{070F49BD-807D-4986-B551-33788F82B133}"
EndProject
Project("{9A19103F-16F7-4668-BE54-9A1E7A4F7556}") = "TeamBigData.Utification.RegistrationTests", "TeamBigData.Utification.RegistrationTests\TeamBigData.Utification.RegistrationTests.csproj", "{071C0D75-158B-48A8-B9AF-007341BD81BB}"
EndProject
Project("{9A19103F-16F7-4668-BE54-9A1E7A4F7556}") = "TeamBigData.Utification.AuthorizationTests", "TeamBigData.Utification.AuthorizationTests\TeamBigData.Utification.AuthorizationTests.csproj", "{C73972E1-BC76-4461-B445-C24B78BF0D2D}"
EndProject
Project("{9A19103F-16F7-4668-BE54-9A1E7A4F7556}") = "TeamBigData.Utification.LogoutTests", "TeamBigData.Utification.LogoutTests\TeamBigData.Utification.LogoutTests.csproj", "{FC6D36ED-B16F-43D2-8859-C38606DADE02}"
EndProject
Project("{9A19103F-16F7-4668-BE54-9A1E7A4F7556}") = "TeamBigData.Utification.DeletionService", "TeamBigData.Utification.DeletionService\TeamBigData.Utification.DeletionService.csproj", "{AE5EE018-2311-4B28-BC7D-FC0124565E1E}"
EndProject
Project("{9A19103F-16F7-4668-BE54-9A1E7A4F7556}") = "TeamBigData.Utification.DeletionManager", "TeamBigData.Utification.DeletionManager\TeamBigData.Utification.DeletionManager.csproj", "{33F2A621-A1E7-463D-B957-C9AFEE4CA8B1}"
EndProject
Project("{2150E333-8FDC-42A3-9474-1A3956D46DE8}") = "EntryPoint", "EntryPoint", "{C811D13C-107C-45F6-BC16-7E59E3FD366F}"
EndProject
Project("{9A19103F-16F7-4668-BE54-9A1E7A4F7556}") = "Utification.EntryPoint", "TeamBigData.Utification.EntryPoint\Utification.EntryPoint.csproj", "{D38165F8-F02D-4F80-99D0-91FEB78C35C7}"
EndProject
Project("{9A19103F-16F7-4668-BE54-9A1E7A4F7556}") = "TeamBigData.Utification.RecoveryTests", "TeamBigData.Utification.RecoveryTests\TeamBigData.Utification.RecoveryTests.csproj", "{0D5FA1FA-BF99-41C8-A625-7AE92E0EB293}"
EndProject
Project("{9A19103F-16F7-4668-BE54-9A1E7A4F7556}") = "TeamBigData.Utification.UserDeletionTests", "TeamBigData.Utification.UserDeletionTests\TeamBigData.Utification.UserDeletionTests.csproj", "{B5B1633E-94CF-45F6-9BB4-93A69CB08C69}"
EndProject
Project("{9A19103F-16F7-4668-BE54-9A1E7A4F7556}") = "TeamBigData.Utificiation.ManagementTests", "TeamBigData.Utificiation.ManagementTests\TeamBigData.Utificiation.ManagementTests.csproj", "{C989E457-2503-419C-9F99-3877BD4F6311}"
EndProject
Project("{9A19103F-16F7-4668-BE54-9A1E7A4F7556}") = "TeamBigData.Utification.LoginTests", "TeamBigData.Utification.LoginTests\TeamBigData.Utification.LoginTests.csproj", "{0297F798-8546-48AC-8811-9B61878AD98E}"
EndProject
Project("{9A19103F-16F7-4668-BE54-9A1E7A4F7556}") = "TeamBigData.Utification.PinManagers", "TeamBigData.Utification.PinManagers\TeamBigData.Utification.PinManagers.csproj", "{91C19B41-5EF7-4D18-8C06-ACADD0C9340A}"
EndProject
Project("{9A19103F-16F7-4668-BE54-9A1E7A4F7556}") = "TeamBigData.Utification.PinServices", "TeamBigData.Utification.PinServices\TeamBigData.Utification.PinServices.csproj", "{F9007E27-EE28-44EA-B403-D59BCE3428A7}"
EndProject
Project("{9A19103F-16F7-4668-BE54-9A1E7A4F7556}") = "TeamBigData.Utification.PinTests", "TeamBigData.Utification.PinTests\TeamBigData.Utification.PinTests.csproj", "{FD932FEB-303D-4287-8300-06DAC8802B44}"
EndProject
Project("{9A19103F-16F7-4668-BE54-9A1E7A4F7556}") = "TeamBigData.Utification.AnalysisManagers", "TeamBigData.Utification.AnalysisManager\TeamBigData.Utification.AnalysisManagers.csproj", "{8B46E24D-C024-4ACB-A5BF-B016973FE771}"
EndProject
Project("{9A19103F-16F7-4668-BE54-9A1E7A4F7556}") = "TeamBigData.Utification.AnalysisTests", "TeamBigData.Utification.AnalysisTests\TeamBigData.Utification.AnalysisTests.csproj", "{70477B88-0FAE-4193-88B3-B1524A8CA84A}"
EndProject
Project("{9A19103F-16F7-4668-BE54-9A1E7A4F7556}") = "TeamBigData.Utification.FileManagers", "TeamBigData.Utification.FileManager\TeamBigData.Utification.FileManagers.csproj", "{8D1D6DFB-AF61-4D43-8F27-8C93C12B28D0}"
EndProject
Project("{9A19103F-16F7-4668-BE54-9A1E7A4F7556}") = "TeamBigData.Utification.FileServices", "TeamBigData.Utification.FileService\TeamBigData.Utification.FileServices.csproj", "{7FE07FBF-4420-403A-B4FE-75A8DB4ACE40}"
EndProject
Project("{9A19103F-16F7-4668-BE54-9A1E7A4F7556}") = "TeamBigData.Utification.FileTests", "TeamBigData.Utification.FileTests\TeamBigData.Utification.FileTests.csproj", "{FD6A692E-1F74-457D-93B5-05C5AFC6927E}"
EndProject
Project("{9A19103F-16F7-4668-BE54-9A1E7A4F7556}") = "TeamBigData.Utification.ReputationManager", "TeamBigData.Utification.ReputationManager\TeamBigData.Utification.ReputationManager.csproj", "{6591D056-017E-4716-9927-3736E6DF2E92}"
EndProject
Project("{9A19103F-16F7-4668-BE54-9A1E7A4F7556}") = "TeamBigData.Utification.ReputationTests", "TeamBigData.Utification.ReputationTests\TeamBigData.Utification.ReputationTests.csproj", "{6799740B-454D-4A6E-83F4-1E0EBF738EF0}"
EndProject
Project("{9A19103F-16F7-4668-BE54-9A1E7A4F7556}") = "TeamBigData.Utification.ServiceOfferingsManagers", "TeamBigData.Utification.ServiceOfferingsManagers\TeamBigData.Utification.ServiceOfferingsManagers.csproj", "{1D010B7F-A4E1-4274-AA12-321BB0489886}"
EndProject
Project("{9A19103F-16F7-4668-BE54-9A1E7A4F7556}") = "TeamBigData.Utification.ServiceOfferingsServices", "TeamBigData.Utification.ServiceOfferingsServices\TeamBigData.Utification.ServiceOfferingsServices.csproj", "{D1445340-55C4-446A-9DB0-AB61AF1862A6}"
EndProject
Project("{9A19103F-16F7-4668-BE54-9A1E7A4F7556}") = "TeamBigData.Utification.UserOfferingsTests", "TeamBigData.Utification.UserOfferingsTests\TeamBigData.Utification.UserOfferingsTests.csproj", "{B9271383-A77A-4FCE-96AE-5D252D004E74}"
EndProject
Project("{9A19103F-16F7-4668-BE54-9A1E7A4F7556}") = "TeamBigData.Utification.ReputationServices", "TeamBigData.Utification.ReputationServices\TeamBigData.Utification.ReputationServices.csproj", "{915A6120-0917-43E6-91F7-E8FFD3EA92AA}"
EndProject
Project("{9A19103F-16F7-4668-BE54-9A1E7A4F7556}") = "TeamBigData.Utification.EventsManager", "TeamBigData.Utification.EventsManager\TeamBigData.Utification.EventsManager.csproj", "{9FE811F2-7AA0-47BB-B0AF-B16E4AB26E20}"
EndProject
Project("{9A19103F-16F7-4668-BE54-9A1E7A4F7556}") = "TeamBigData.Utification.EventsServices", "TeamBigData.Utification.EventsServices\TeamBigData.Utification.EventsServices.csproj", "{F69338EB-C6F9-4138-A259-0F6C0BF72A18}"
EndProject
Project("{9A19103F-16F7-4668-BE54-9A1E7A4F7556}") = "TeamBigData.Utification.AlertManagers", "TeamBigData.Utification.AlertManagers\TeamBigData.Utification.AlertManagers.csproj", "{0513C33C-EDD9-46FE-B29A-600E47DBC482}"
EndProject
Project("{9A19103F-16F7-4668-BE54-9A1E7A4F7556}") = "TeamBigData.Utification.AlertServices", "TeamBigData.Utification.AlertServices\TeamBigData.Utification.AlertServices.csproj", "{B3E7536A-E586-4918-BFBD-A52B5C26DB28}"
EndProject
Global
	GlobalSection(SolutionConfigurationPlatforms) = preSolution
		Debug|Any CPU = Debug|Any CPU
		Release|Any CPU = Release|Any CPU
	EndGlobalSection
	GlobalSection(ProjectConfigurationPlatforms) = postSolution
		{4D0E90DA-19E0-4ADB-AB15-8345E51F2243}.Debug|Any CPU.ActiveCfg = Debug|Any CPU
		{4D0E90DA-19E0-4ADB-AB15-8345E51F2243}.Debug|Any CPU.Build.0 = Debug|Any CPU
		{4D0E90DA-19E0-4ADB-AB15-8345E51F2243}.Release|Any CPU.ActiveCfg = Release|Any CPU
		{4D0E90DA-19E0-4ADB-AB15-8345E51F2243}.Release|Any CPU.Build.0 = Release|Any CPU
		{2FF3E210-C0F5-4C92-8891-0FA761406BF5}.Debug|Any CPU.ActiveCfg = Debug|Any CPU
		{2FF3E210-C0F5-4C92-8891-0FA761406BF5}.Debug|Any CPU.Build.0 = Debug|Any CPU
		{2FF3E210-C0F5-4C92-8891-0FA761406BF5}.Release|Any CPU.ActiveCfg = Release|Any CPU
		{2FF3E210-C0F5-4C92-8891-0FA761406BF5}.Release|Any CPU.Build.0 = Release|Any CPU
		{F2DF83F4-3149-4F18-952F-8B2056E031D4}.Debug|Any CPU.ActiveCfg = Debug|Any CPU
		{F2DF83F4-3149-4F18-952F-8B2056E031D4}.Debug|Any CPU.Build.0 = Debug|Any CPU
		{F2DF83F4-3149-4F18-952F-8B2056E031D4}.Release|Any CPU.ActiveCfg = Release|Any CPU
		{F2DF83F4-3149-4F18-952F-8B2056E031D4}.Release|Any CPU.Build.0 = Release|Any CPU
		{F59F2E16-5DE8-44B6-8C4F-BCD137A06944}.Debug|Any CPU.ActiveCfg = Debug|Any CPU
		{F59F2E16-5DE8-44B6-8C4F-BCD137A06944}.Debug|Any CPU.Build.0 = Debug|Any CPU
		{F59F2E16-5DE8-44B6-8C4F-BCD137A06944}.Release|Any CPU.ActiveCfg = Release|Any CPU
		{F59F2E16-5DE8-44B6-8C4F-BCD137A06944}.Release|Any CPU.Build.0 = Release|Any CPU
		{76451ED3-D845-47DC-96EA-4C8BD2F90C0B}.Debug|Any CPU.ActiveCfg = Debug|Any CPU
		{76451ED3-D845-47DC-96EA-4C8BD2F90C0B}.Debug|Any CPU.Build.0 = Debug|Any CPU
		{76451ED3-D845-47DC-96EA-4C8BD2F90C0B}.Release|Any CPU.ActiveCfg = Release|Any CPU
		{76451ED3-D845-47DC-96EA-4C8BD2F90C0B}.Release|Any CPU.Build.0 = Release|Any CPU
		{2A188429-1F20-4C90-843F-A0AE722BA293}.Debug|Any CPU.ActiveCfg = Debug|Any CPU
		{2A188429-1F20-4C90-843F-A0AE722BA293}.Debug|Any CPU.Build.0 = Debug|Any CPU
		{2A188429-1F20-4C90-843F-A0AE722BA293}.Release|Any CPU.ActiveCfg = Release|Any CPU
		{2A188429-1F20-4C90-843F-A0AE722BA293}.Release|Any CPU.Build.0 = Release|Any CPU
		{F7AE8B84-47C4-4620-A30B-29ACD8902C4D}.Debug|Any CPU.ActiveCfg = Debug|Any CPU
		{F7AE8B84-47C4-4620-A30B-29ACD8902C4D}.Debug|Any CPU.Build.0 = Debug|Any CPU
		{F7AE8B84-47C4-4620-A30B-29ACD8902C4D}.Release|Any CPU.ActiveCfg = Release|Any CPU
		{F7AE8B84-47C4-4620-A30B-29ACD8902C4D}.Release|Any CPU.Build.0 = Release|Any CPU
		{070F49BD-807D-4986-B551-33788F82B133}.Debug|Any CPU.ActiveCfg = Debug|Any CPU
		{070F49BD-807D-4986-B551-33788F82B133}.Debug|Any CPU.Build.0 = Debug|Any CPU
		{070F49BD-807D-4986-B551-33788F82B133}.Release|Any CPU.ActiveCfg = Release|Any CPU
		{070F49BD-807D-4986-B551-33788F82B133}.Release|Any CPU.Build.0 = Release|Any CPU
		{071C0D75-158B-48A8-B9AF-007341BD81BB}.Debug|Any CPU.ActiveCfg = Debug|Any CPU
		{071C0D75-158B-48A8-B9AF-007341BD81BB}.Debug|Any CPU.Build.0 = Debug|Any CPU
		{071C0D75-158B-48A8-B9AF-007341BD81BB}.Release|Any CPU.ActiveCfg = Release|Any CPU
		{071C0D75-158B-48A8-B9AF-007341BD81BB}.Release|Any CPU.Build.0 = Release|Any CPU
		{C73972E1-BC76-4461-B445-C24B78BF0D2D}.Debug|Any CPU.ActiveCfg = Debug|Any CPU
		{C73972E1-BC76-4461-B445-C24B78BF0D2D}.Debug|Any CPU.Build.0 = Debug|Any CPU
		{C73972E1-BC76-4461-B445-C24B78BF0D2D}.Release|Any CPU.ActiveCfg = Release|Any CPU
		{C73972E1-BC76-4461-B445-C24B78BF0D2D}.Release|Any CPU.Build.0 = Release|Any CPU
		{FC6D36ED-B16F-43D2-8859-C38606DADE02}.Debug|Any CPU.ActiveCfg = Debug|Any CPU
		{FC6D36ED-B16F-43D2-8859-C38606DADE02}.Debug|Any CPU.Build.0 = Debug|Any CPU
		{FC6D36ED-B16F-43D2-8859-C38606DADE02}.Release|Any CPU.ActiveCfg = Release|Any CPU
		{FC6D36ED-B16F-43D2-8859-C38606DADE02}.Release|Any CPU.Build.0 = Release|Any CPU
		{AE5EE018-2311-4B28-BC7D-FC0124565E1E}.Debug|Any CPU.ActiveCfg = Debug|Any CPU
		{AE5EE018-2311-4B28-BC7D-FC0124565E1E}.Debug|Any CPU.Build.0 = Debug|Any CPU
		{AE5EE018-2311-4B28-BC7D-FC0124565E1E}.Release|Any CPU.ActiveCfg = Release|Any CPU
		{AE5EE018-2311-4B28-BC7D-FC0124565E1E}.Release|Any CPU.Build.0 = Release|Any CPU
		{33F2A621-A1E7-463D-B957-C9AFEE4CA8B1}.Debug|Any CPU.ActiveCfg = Debug|Any CPU
		{33F2A621-A1E7-463D-B957-C9AFEE4CA8B1}.Debug|Any CPU.Build.0 = Debug|Any CPU
		{33F2A621-A1E7-463D-B957-C9AFEE4CA8B1}.Release|Any CPU.ActiveCfg = Release|Any CPU
		{33F2A621-A1E7-463D-B957-C9AFEE4CA8B1}.Release|Any CPU.Build.0 = Release|Any CPU
		{D38165F8-F02D-4F80-99D0-91FEB78C35C7}.Debug|Any CPU.ActiveCfg = Debug|Any CPU
		{D38165F8-F02D-4F80-99D0-91FEB78C35C7}.Debug|Any CPU.Build.0 = Debug|Any CPU
		{D38165F8-F02D-4F80-99D0-91FEB78C35C7}.Release|Any CPU.ActiveCfg = Release|Any CPU
		{D38165F8-F02D-4F80-99D0-91FEB78C35C7}.Release|Any CPU.Build.0 = Release|Any CPU
		{0D5FA1FA-BF99-41C8-A625-7AE92E0EB293}.Debug|Any CPU.ActiveCfg = Debug|Any CPU
		{0D5FA1FA-BF99-41C8-A625-7AE92E0EB293}.Debug|Any CPU.Build.0 = Debug|Any CPU
		{0D5FA1FA-BF99-41C8-A625-7AE92E0EB293}.Release|Any CPU.ActiveCfg = Release|Any CPU
		{0D5FA1FA-BF99-41C8-A625-7AE92E0EB293}.Release|Any CPU.Build.0 = Release|Any CPU
		{B5B1633E-94CF-45F6-9BB4-93A69CB08C69}.Debug|Any CPU.ActiveCfg = Debug|Any CPU
		{B5B1633E-94CF-45F6-9BB4-93A69CB08C69}.Debug|Any CPU.Build.0 = Debug|Any CPU
		{B5B1633E-94CF-45F6-9BB4-93A69CB08C69}.Release|Any CPU.ActiveCfg = Release|Any CPU
		{B5B1633E-94CF-45F6-9BB4-93A69CB08C69}.Release|Any CPU.Build.0 = Release|Any CPU
		{C989E457-2503-419C-9F99-3877BD4F6311}.Debug|Any CPU.ActiveCfg = Debug|Any CPU
		{C989E457-2503-419C-9F99-3877BD4F6311}.Debug|Any CPU.Build.0 = Debug|Any CPU
		{C989E457-2503-419C-9F99-3877BD4F6311}.Release|Any CPU.ActiveCfg = Release|Any CPU
		{C989E457-2503-419C-9F99-3877BD4F6311}.Release|Any CPU.Build.0 = Release|Any CPU
		{0297F798-8546-48AC-8811-9B61878AD98E}.Debug|Any CPU.ActiveCfg = Debug|Any CPU
		{0297F798-8546-48AC-8811-9B61878AD98E}.Debug|Any CPU.Build.0 = Debug|Any CPU
		{0297F798-8546-48AC-8811-9B61878AD98E}.Release|Any CPU.ActiveCfg = Release|Any CPU
		{0297F798-8546-48AC-8811-9B61878AD98E}.Release|Any CPU.Build.0 = Release|Any CPU
		{91C19B41-5EF7-4D18-8C06-ACADD0C9340A}.Debug|Any CPU.ActiveCfg = Debug|Any CPU
		{91C19B41-5EF7-4D18-8C06-ACADD0C9340A}.Debug|Any CPU.Build.0 = Debug|Any CPU
		{91C19B41-5EF7-4D18-8C06-ACADD0C9340A}.Release|Any CPU.ActiveCfg = Release|Any CPU
		{91C19B41-5EF7-4D18-8C06-ACADD0C9340A}.Release|Any CPU.Build.0 = Release|Any CPU
		{F9007E27-EE28-44EA-B403-D59BCE3428A7}.Debug|Any CPU.ActiveCfg = Debug|Any CPU
		{F9007E27-EE28-44EA-B403-D59BCE3428A7}.Debug|Any CPU.Build.0 = Debug|Any CPU
		{F9007E27-EE28-44EA-B403-D59BCE3428A7}.Release|Any CPU.ActiveCfg = Release|Any CPU
		{F9007E27-EE28-44EA-B403-D59BCE3428A7}.Release|Any CPU.Build.0 = Release|Any CPU
		{FD932FEB-303D-4287-8300-06DAC8802B44}.Debug|Any CPU.ActiveCfg = Debug|Any CPU
		{FD932FEB-303D-4287-8300-06DAC8802B44}.Debug|Any CPU.Build.0 = Debug|Any CPU
		{FD932FEB-303D-4287-8300-06DAC8802B44}.Release|Any CPU.ActiveCfg = Release|Any CPU
		{FD932FEB-303D-4287-8300-06DAC8802B44}.Release|Any CPU.Build.0 = Release|Any CPU
		{8B46E24D-C024-4ACB-A5BF-B016973FE771}.Debug|Any CPU.ActiveCfg = Debug|Any CPU
		{8B46E24D-C024-4ACB-A5BF-B016973FE771}.Debug|Any CPU.Build.0 = Debug|Any CPU
		{8B46E24D-C024-4ACB-A5BF-B016973FE771}.Release|Any CPU.ActiveCfg = Release|Any CPU
		{8B46E24D-C024-4ACB-A5BF-B016973FE771}.Release|Any CPU.Build.0 = Release|Any CPU
		{70477B88-0FAE-4193-88B3-B1524A8CA84A}.Debug|Any CPU.ActiveCfg = Debug|Any CPU
		{70477B88-0FAE-4193-88B3-B1524A8CA84A}.Debug|Any CPU.Build.0 = Debug|Any CPU
		{70477B88-0FAE-4193-88B3-B1524A8CA84A}.Release|Any CPU.ActiveCfg = Release|Any CPU
		{70477B88-0FAE-4193-88B3-B1524A8CA84A}.Release|Any CPU.Build.0 = Release|Any CPU
		{8D1D6DFB-AF61-4D43-8F27-8C93C12B28D0}.Debug|Any CPU.ActiveCfg = Debug|Any CPU
		{8D1D6DFB-AF61-4D43-8F27-8C93C12B28D0}.Debug|Any CPU.Build.0 = Debug|Any CPU
		{8D1D6DFB-AF61-4D43-8F27-8C93C12B28D0}.Release|Any CPU.ActiveCfg = Release|Any CPU
		{8D1D6DFB-AF61-4D43-8F27-8C93C12B28D0}.Release|Any CPU.Build.0 = Release|Any CPU
		{7FE07FBF-4420-403A-B4FE-75A8DB4ACE40}.Debug|Any CPU.ActiveCfg = Debug|Any CPU
		{7FE07FBF-4420-403A-B4FE-75A8DB4ACE40}.Debug|Any CPU.Build.0 = Debug|Any CPU
		{7FE07FBF-4420-403A-B4FE-75A8DB4ACE40}.Release|Any CPU.ActiveCfg = Release|Any CPU
		{7FE07FBF-4420-403A-B4FE-75A8DB4ACE40}.Release|Any CPU.Build.0 = Release|Any CPU
		{FD6A692E-1F74-457D-93B5-05C5AFC6927E}.Debug|Any CPU.ActiveCfg = Debug|Any CPU
		{FD6A692E-1F74-457D-93B5-05C5AFC6927E}.Debug|Any CPU.Build.0 = Debug|Any CPU
		{FD6A692E-1F74-457D-93B5-05C5AFC6927E}.Release|Any CPU.ActiveCfg = Release|Any CPU
		{FD6A692E-1F74-457D-93B5-05C5AFC6927E}.Release|Any CPU.Build.0 = Release|Any CPU
		{6591D056-017E-4716-9927-3736E6DF2E92}.Debug|Any CPU.ActiveCfg = Debug|Any CPU
		{6591D056-017E-4716-9927-3736E6DF2E92}.Debug|Any CPU.Build.0 = Debug|Any CPU
		{6591D056-017E-4716-9927-3736E6DF2E92}.Release|Any CPU.ActiveCfg = Release|Any CPU
		{6591D056-017E-4716-9927-3736E6DF2E92}.Release|Any CPU.Build.0 = Release|Any CPU
		{6799740B-454D-4A6E-83F4-1E0EBF738EF0}.Debug|Any CPU.ActiveCfg = Debug|Any CPU
		{6799740B-454D-4A6E-83F4-1E0EBF738EF0}.Debug|Any CPU.Build.0 = Debug|Any CPU
		{6799740B-454D-4A6E-83F4-1E0EBF738EF0}.Release|Any CPU.ActiveCfg = Release|Any CPU
		{6799740B-454D-4A6E-83F4-1E0EBF738EF0}.Release|Any CPU.Build.0 = Release|Any CPU
		{1D010B7F-A4E1-4274-AA12-321BB0489886}.Debug|Any CPU.ActiveCfg = Debug|Any CPU
		{1D010B7F-A4E1-4274-AA12-321BB0489886}.Debug|Any CPU.Build.0 = Debug|Any CPU
		{1D010B7F-A4E1-4274-AA12-321BB0489886}.Release|Any CPU.ActiveCfg = Release|Any CPU
		{1D010B7F-A4E1-4274-AA12-321BB0489886}.Release|Any CPU.Build.0 = Release|Any CPU
		{D1445340-55C4-446A-9DB0-AB61AF1862A6}.Debug|Any CPU.ActiveCfg = Debug|Any CPU
		{D1445340-55C4-446A-9DB0-AB61AF1862A6}.Debug|Any CPU.Build.0 = Debug|Any CPU
		{D1445340-55C4-446A-9DB0-AB61AF1862A6}.Release|Any CPU.ActiveCfg = Release|Any CPU
		{D1445340-55C4-446A-9DB0-AB61AF1862A6}.Release|Any CPU.Build.0 = Release|Any CPU
		{B9271383-A77A-4FCE-96AE-5D252D004E74}.Debug|Any CPU.ActiveCfg = Debug|Any CPU
		{B9271383-A77A-4FCE-96AE-5D252D004E74}.Debug|Any CPU.Build.0 = Debug|Any CPU
		{B9271383-A77A-4FCE-96AE-5D252D004E74}.Release|Any CPU.ActiveCfg = Release|Any CPU
		{B9271383-A77A-4FCE-96AE-5D252D004E74}.Release|Any CPU.Build.0 = Release|Any CPU
		{915A6120-0917-43E6-91F7-E8FFD3EA92AA}.Debug|Any CPU.ActiveCfg = Debug|Any CPU
		{915A6120-0917-43E6-91F7-E8FFD3EA92AA}.Debug|Any CPU.Build.0 = Debug|Any CPU
		{915A6120-0917-43E6-91F7-E8FFD3EA92AA}.Release|Any CPU.ActiveCfg = Release|Any CPU
		{915A6120-0917-43E6-91F7-E8FFD3EA92AA}.Release|Any CPU.Build.0 = Release|Any CPU
		{9FE811F2-7AA0-47BB-B0AF-B16E4AB26E20}.Debug|Any CPU.ActiveCfg = Debug|Any CPU
		{9FE811F2-7AA0-47BB-B0AF-B16E4AB26E20}.Debug|Any CPU.Build.0 = Debug|Any CPU
		{9FE811F2-7AA0-47BB-B0AF-B16E4AB26E20}.Release|Any CPU.ActiveCfg = Release|Any CPU
		{9FE811F2-7AA0-47BB-B0AF-B16E4AB26E20}.Release|Any CPU.Build.0 = Release|Any CPU
		{F69338EB-C6F9-4138-A259-0F6C0BF72A18}.Debug|Any CPU.ActiveCfg = Debug|Any CPU
		{F69338EB-C6F9-4138-A259-0F6C0BF72A18}.Debug|Any CPU.Build.0 = Debug|Any CPU
		{F69338EB-C6F9-4138-A259-0F6C0BF72A18}.Release|Any CPU.ActiveCfg = Release|Any CPU
		{F69338EB-C6F9-4138-A259-0F6C0BF72A18}.Release|Any CPU.Build.0 = Release|Any CPU
		{0513C33C-EDD9-46FE-B29A-600E47DBC482}.Debug|Any CPU.ActiveCfg = Debug|Any CPU
		{0513C33C-EDD9-46FE-B29A-600E47DBC482}.Debug|Any CPU.Build.0 = Debug|Any CPU
		{0513C33C-EDD9-46FE-B29A-600E47DBC482}.Release|Any CPU.ActiveCfg = Release|Any CPU
		{0513C33C-EDD9-46FE-B29A-600E47DBC482}.Release|Any CPU.Build.0 = Release|Any CPU
		{B3E7536A-E586-4918-BFBD-A52B5C26DB28}.Debug|Any CPU.ActiveCfg = Debug|Any CPU
		{B3E7536A-E586-4918-BFBD-A52B5C26DB28}.Debug|Any CPU.Build.0 = Debug|Any CPU
		{B3E7536A-E586-4918-BFBD-A52B5C26DB28}.Release|Any CPU.ActiveCfg = Release|Any CPU
		{B3E7536A-E586-4918-BFBD-A52B5C26DB28}.Release|Any CPU.Build.0 = Release|Any CPU
	EndGlobalSection
	GlobalSection(SolutionProperties) = preSolution
		HideSolutionNode = FALSE
	EndGlobalSection
	GlobalSection(NestedProjects) = preSolution
		{4D0E90DA-19E0-4ADB-AB15-8345E51F2243} = {3365193A-4AD7-4316-9605-2B9E666A6988}
		{2FF3E210-C0F5-4C92-8891-0FA761406BF5} = {3365193A-4AD7-4316-9605-2B9E666A6988}
		{F2DF83F4-3149-4F18-952F-8B2056E031D4} = {3365193A-4AD7-4316-9605-2B9E666A6988}
		{F59F2E16-5DE8-44B6-8C4F-BCD137A06944} = {94B0631A-E644-4CF2-983B-96C2137BA4F9}
		{76451ED3-D845-47DC-96EA-4C8BD2F90C0B} = {3A51F7F3-2C14-4045-9D99-CC84346E2D47}
		{2A188429-1F20-4C90-843F-A0AE722BA293} = {3365193A-4AD7-4316-9605-2B9E666A6988}
		{F7AE8B84-47C4-4620-A30B-29ACD8902C4D} = {F44CF66C-C235-4D52-8EDE-19D386F10DBA}
		{070F49BD-807D-4986-B551-33788F82B133} = {F03EC98E-BAD9-49CB-AD9E-B43CAC58ED2D}
		{071C0D75-158B-48A8-B9AF-007341BD81BB} = {F03EC98E-BAD9-49CB-AD9E-B43CAC58ED2D}
		{C73972E1-BC76-4461-B445-C24B78BF0D2D} = {F03EC98E-BAD9-49CB-AD9E-B43CAC58ED2D}
		{FC6D36ED-B16F-43D2-8859-C38606DADE02} = {F03EC98E-BAD9-49CB-AD9E-B43CAC58ED2D}
		{AE5EE018-2311-4B28-BC7D-FC0124565E1E} = {F44CF66C-C235-4D52-8EDE-19D386F10DBA}
		{33F2A621-A1E7-463D-B957-C9AFEE4CA8B1} = {3A51F7F3-2C14-4045-9D99-CC84346E2D47}
		{D38165F8-F02D-4F80-99D0-91FEB78C35C7} = {C811D13C-107C-45F6-BC16-7E59E3FD366F}
		{0D5FA1FA-BF99-41C8-A625-7AE92E0EB293} = {F03EC98E-BAD9-49CB-AD9E-B43CAC58ED2D}
		{B5B1633E-94CF-45F6-9BB4-93A69CB08C69} = {F03EC98E-BAD9-49CB-AD9E-B43CAC58ED2D}
		{C989E457-2503-419C-9F99-3877BD4F6311} = {F03EC98E-BAD9-49CB-AD9E-B43CAC58ED2D}
		{0297F798-8546-48AC-8811-9B61878AD98E} = {F03EC98E-BAD9-49CB-AD9E-B43CAC58ED2D}
		{91C19B41-5EF7-4D18-8C06-ACADD0C9340A} = {3A51F7F3-2C14-4045-9D99-CC84346E2D47}
		{F9007E27-EE28-44EA-B403-D59BCE3428A7} = {F44CF66C-C235-4D52-8EDE-19D386F10DBA}
		{FD932FEB-303D-4287-8300-06DAC8802B44} = {F03EC98E-BAD9-49CB-AD9E-B43CAC58ED2D}
		{8B46E24D-C024-4ACB-A5BF-B016973FE771} = {3A51F7F3-2C14-4045-9D99-CC84346E2D47}
		{70477B88-0FAE-4193-88B3-B1524A8CA84A} = {F03EC98E-BAD9-49CB-AD9E-B43CAC58ED2D}
		{8D1D6DFB-AF61-4D43-8F27-8C93C12B28D0} = {3A51F7F3-2C14-4045-9D99-CC84346E2D47}
		{7FE07FBF-4420-403A-B4FE-75A8DB4ACE40} = {F44CF66C-C235-4D52-8EDE-19D386F10DBA}
		{FD6A692E-1F74-457D-93B5-05C5AFC6927E} = {F03EC98E-BAD9-49CB-AD9E-B43CAC58ED2D}
		{6591D056-017E-4716-9927-3736E6DF2E92} = {3A51F7F3-2C14-4045-9D99-CC84346E2D47}
		{6799740B-454D-4A6E-83F4-1E0EBF738EF0} = {F03EC98E-BAD9-49CB-AD9E-B43CAC58ED2D}
		{1D010B7F-A4E1-4274-AA12-321BB0489886} = {3A51F7F3-2C14-4045-9D99-CC84346E2D47}
		{D1445340-55C4-446A-9DB0-AB61AF1862A6} = {F44CF66C-C235-4D52-8EDE-19D386F10DBA}
		{B9271383-A77A-4FCE-96AE-5D252D004E74} = {F03EC98E-BAD9-49CB-AD9E-B43CAC58ED2D}
		{915A6120-0917-43E6-91F7-E8FFD3EA92AA} = {F44CF66C-C235-4D52-8EDE-19D386F10DBA}
		{9FE811F2-7AA0-47BB-B0AF-B16E4AB26E20} = {3A51F7F3-2C14-4045-9D99-CC84346E2D47}
		{F69338EB-C6F9-4138-A259-0F6C0BF72A18} = {F44CF66C-C235-4D52-8EDE-19D386F10DBA}
		{0513C33C-EDD9-46FE-B29A-600E47DBC482} = {3A51F7F3-2C14-4045-9D99-CC84346E2D47}
		{B3E7536A-E586-4918-BFBD-A52B5C26DB28} = {F44CF66C-C235-4D52-8EDE-19D386F10DBA}
	EndGlobalSection
	GlobalSection(ExtensibilityGlobals) = postSolution
		SolutionGuid = {F3DAF13A-2974-4087-87BE-B77C46741866}
	EndGlobalSection
EndGlobal
