
Microsoft Visual Studio Solution File, Format Version 12.00
# Visual Studio Version 17
VisualStudioVersion = 17.3.32929.385
MinimumVisualStudioVersion = 10.0.40219.1
Project("{9A19103F-16F7-4668-BE54-9A1E7A4F7556}") = "TeamBigData.Utification.View", "TeamBigData.Utification.View\TeamBigData.Utification.View.csproj", "{087A2709-B088-424F-BAF1-DAD42777364C}"
EndProject
Project("{2150E333-8FDC-42A3-9474-1A3956D46DE8}") = "Console", "Console", "{26F76CFC-975F-489C-ADBA-C2D8AC22A516}"
EndProject
Project("{2150E333-8FDC-42A3-9474-1A3956D46DE8}") = "Cross-Cutting", "Cross-Cutting", "{3365193A-4AD7-4316-9605-2B9E666A6988}"
EndProject
Project("{2150E333-8FDC-42A3-9474-1A3956D46DE8}") = "DAL", "DAL", "{94B0631A-E644-4CF2-983B-96C2137BA4F9}"
EndProject
Project("{2150E333-8FDC-42A3-9474-1A3956D46DE8}") = "Manager", "Manager", "{3A51F7F3-2C14-4045-9D99-CC84346E2D47}"
EndProject
Project("{2150E333-8FDC-42A3-9474-1A3956D46DE8}") = "Service", "Service", "{F44CF66C-C235-4D52-8EDE-19D386F10DBA}"
EndProject
Project("{2150E333-8FDC-42A3-9474-1A3956D46DE8}") = "Tests", "Tests", "{F03EC98E-BAD9-49CB-AD9E-B43CAC58ED2D}"
EndProject
Project("{9A19103F-16F7-4668-BE54-9A1E7A4F7556}") = "TeamBigData.Utification.AccountServices", "TeamBigData.Utification.Registration\TeamBigData.Utification.AccountServices.csproj", "{15199D80-1B24-4168-A820-B8F15BEA2C91}"
EndProject
Project("{9A19103F-16F7-4668-BE54-9A1E7A4F7556}") = "TeamBigData.Utification.ErrorResponse", "TeamBigData.Utification.ErrorResponse\TeamBigData.Utification.ErrorResponse.csproj", "{4D0E90DA-19E0-4ADB-AB15-8345E51F2243}"
EndProject
Project("{9A19103F-16F7-4668-BE54-9A1E7A4F7556}") = "TeamBigData.Utification.Models", "TeamBigData.Utification.Models\TeamBigData.Utification.Models.csproj", "{2FF3E210-C0F5-4C92-8891-0FA761406BF5}"
EndProject
Project("{9A19103F-16F7-4668-BE54-9A1E7A4F7556}") = "TeamBigData.Utification.Logging", "TeamBigData.Utification.Logging\TeamBigData.Utification.Logging.csproj", "{F2DF83F4-3149-4F18-952F-8B2056E031D4}"
EndProject
Project("{9A19103F-16F7-4668-BE54-9A1E7A4F7556}") = "TeamBigData.Utitification.SQLDataAccess", "TeamBigData.Utitification.SQLDataAccess\TeamBigData.Utitification.SQLDataAccess.csproj", "{F59F2E16-5DE8-44B6-8C4F-BCD137A06944}"
EndProject
Project("{9A19103F-16F7-4668-BE54-9A1E7A4F7556}") = "TeamBigData.Utification.Manager", "TeamBigData.Utification.SecurityManager\TeamBigData.Utification.Manager.csproj", "{76451ED3-D845-47DC-96EA-4C8BD2F90C0B}"
EndProject
Project("{FAE04EC0-301F-11D3-BF4B-00C04F79EFBC}") = "TeamBigData.Utification.Cryptography", "TeamBigData.Utification.Cryptography\TeamBigData.Utification.Cryptography.csproj", "{2A188429-1F20-4C90-843F-A0AE722BA293}"
EndProject
Project("{FAE04EC0-301F-11D3-BF4B-00C04F79EFBC}") = "TeamBigData.Utification.AccountServices", "TeamBigData.Utification.AccountServices\TeamBigData.Utification.AccountServices.csproj", "{F7AE8B84-47C4-4620-A30B-29ACD8902C4D}"
EndProject
Project("{9A19103F-16F7-4668-BE54-9A1E7A4F7556}") = "TeamBigData.Utification.LoggingTests", "..\TeamBigData.Utification.Main(Authentication)\TeamBigData.Utification.LoggingTests\TeamBigData.Utification.LoggingTests.csproj", "{B40B3804-0974-4BD4-A9A9-A1C46E958197}"
EndProject
Project("{9A19103F-16F7-4668-BE54-9A1E7A4F7556}") = "TeamBigData.Utification.AuthenticationTests", "..\TeamBigData.Utification.Main(Authentication)\TeamBigData.Utifciation.AuthenticationTests\TeamBigData.Utification.AuthenticationTests.csproj", "{5C4F5579-F60D-4D3F-B0C1-5C9E3FD7E7D1}"
EndProject
Project("{9A19103F-16F7-4668-BE54-9A1E7A4F7556}") = "TeamBigData.Utification.RegistrationTests", "..\TeamBigData.Utification.Main(Authentication)\TeamBigData.Utification.RegistrationTests\TeamBigData.Utification.RegistrationTests.csproj", "{83847332-26C1-44F5-858C-5BA3CA6313AC}"
EndProject
Project("{9A19103F-16F7-4668-BE54-9A1E7A4F7556}") = "TeamBAuthorizationTests", "..\TeamBigData.Utification.Authorization(JoshTests)\AuthorizationTests\TeamBAuthorizationTests.csproj", "{39A9BA1E-0B3F-4375-8221-1A356B41EDA9}"
EndProject
Project("{9A19103F-16F7-4668-BE54-9A1E7A4F7556}") = "TeamBigData.Utification.ManagerLayer", "TeamBigData.Utification.Manager\TeamBigData.Utification.ManagerLayer.csproj", "{33F342DA-DED0-42DF-AFE0-387AC4A0A75E}"
EndProject
Project("{9A19103F-16F7-4668-BE54-9A1E7A4F7556}") = "TeamBigData.Utification.AuthenticationTests", "TeamBigData.Utifciation.AuthenticationTests\TeamBigData.Utification.AuthenticationTests.csproj", "{7186D6B4-76BB-4E4F-B281-A279725EA2DC}"
EndProject
Project("{FAE04EC0-301F-11D3-BF4B-00C04F79EFBC}") = "TeamBigData.Utification.Models", "TeamBigData.Utification.Models\TeamBigData.Utification.Models.csproj", "{A2585F0D-AD69-4D19-8D7D-87BFBB07C080}"
EndProject
Global
	GlobalSection(SolutionConfigurationPlatforms) = preSolution
		Debug|Any CPU = Debug|Any CPU
		Release|Any CPU = Release|Any CPU
	EndGlobalSection
	GlobalSection(ProjectConfigurationPlatforms) = postSolution
		{64C68C40-F974-4383-A5BA-DD465146755A}.Debug|Any CPU.ActiveCfg = Debug|Any CPU
		{64C68C40-F974-4383-A5BA-DD465146755A}.Debug|Any CPU.Build.0 = Debug|Any CPU
		{64C68C40-F974-4383-A5BA-DD465146755A}.Release|Any CPU.ActiveCfg = Release|Any CPU
		{64C68C40-F974-4383-A5BA-DD465146755A}.Release|Any CPU.Build.0 = Release|Any CPU
		{15199D80-1B24-4168-A820-B8F15BEA2C91}.Debug|Any CPU.ActiveCfg = Debug|Any CPU
		{15199D80-1B24-4168-A820-B8F15BEA2C91}.Debug|Any CPU.Build.0 = Debug|Any CPU
		{15199D80-1B24-4168-A820-B8F15BEA2C91}.Release|Any CPU.ActiveCfg = Release|Any CPU
		{15199D80-1B24-4168-A820-B8F15BEA2C91}.Release|Any CPU.Build.0 = Release|Any CPU
		{EBD8C3E6-BD53-4E83-BD36-73D29207A731}.Debug|Any CPU.ActiveCfg = Debug|Any CPU
		{EBD8C3E6-BD53-4E83-BD36-73D29207A731}.Debug|Any CPU.Build.0 = Debug|Any CPU
		{EBD8C3E6-BD53-4E83-BD36-73D29207A731}.Release|Any CPU.ActiveCfg = Release|Any CPU
		{EBD8C3E6-BD53-4E83-BD36-73D29207A731}.Release|Any CPU.Build.0 = Release|Any CPU
		{E1D7B1A9-113D-4CF5-8E2B-63BC1C85CF0C}.Debug|Any CPU.ActiveCfg = Debug|Any CPU
		{E1D7B1A9-113D-4CF5-8E2B-63BC1C85CF0C}.Debug|Any CPU.Build.0 = Debug|Any CPU
		{E1D7B1A9-113D-4CF5-8E2B-63BC1C85CF0C}.Release|Any CPU.ActiveCfg = Release|Any CPU
		{E1D7B1A9-113D-4CF5-8E2B-63BC1C85CF0C}.Release|Any CPU.Build.0 = Release|Any CPU
		{CEFE734C-B061-413A-ACAE-C086B0A108DD}.Debug|Any CPU.ActiveCfg = Debug|Any CPU
		{CEFE734C-B061-413A-ACAE-C086B0A108DD}.Debug|Any CPU.Build.0 = Debug|Any CPU
		{CEFE734C-B061-413A-ACAE-C086B0A108DD}.Release|Any CPU.ActiveCfg = Release|Any CPU
		{CEFE734C-B061-413A-ACAE-C086B0A108DD}.Release|Any CPU.Build.0 = Release|Any CPU
		{047D85C2-FF61-4E7F-B47D-6C2496705E6D}.Debug|Any CPU.ActiveCfg = Debug|Any CPU
		{047D85C2-FF61-4E7F-B47D-6C2496705E6D}.Debug|Any CPU.Build.0 = Debug|Any CPU
		{047D85C2-FF61-4E7F-B47D-6C2496705E6D}.Release|Any CPU.ActiveCfg = Release|Any CPU
		{047D85C2-FF61-4E7F-B47D-6C2496705E6D}.Release|Any CPU.Build.0 = Release|Any CPU
		{7D661DFB-D65B-44DF-AFB3-9060249A2B11}.Debug|Any CPU.ActiveCfg = Debug|Any CPU
		{7D661DFB-D65B-44DF-AFB3-9060249A2B11}.Debug|Any CPU.Build.0 = Debug|Any CPU
		{7D661DFB-D65B-44DF-AFB3-9060249A2B11}.Release|Any CPU.ActiveCfg = Release|Any CPU
		{7D661DFB-D65B-44DF-AFB3-9060249A2B11}.Release|Any CPU.Build.0 = Release|Any CPU
		{88E3B609-7328-4838-930D-47248CCE91F9}.Debug|Any CPU.ActiveCfg = Debug|Any CPU
		{88E3B609-7328-4838-930D-47248CCE91F9}.Debug|Any CPU.Build.0 = Debug|Any CPU
		{88E3B609-7328-4838-930D-47248CCE91F9}.Release|Any CPU.ActiveCfg = Release|Any CPU
		{88E3B609-7328-4838-930D-47248CCE91F9}.Release|Any CPU.Build.0 = Release|Any CPU
		{33F342DA-DED0-42DF-AFE0-387AC4A0A75E}.Debug|Any CPU.ActiveCfg = Debug|Any CPU
		{33F342DA-DED0-42DF-AFE0-387AC4A0A75E}.Debug|Any CPU.Build.0 = Debug|Any CPU
		{33F342DA-DED0-42DF-AFE0-387AC4A0A75E}.Release|Any CPU.ActiveCfg = Release|Any CPU
		{33F342DA-DED0-42DF-AFE0-387AC4A0A75E}.Release|Any CPU.Build.0 = Release|Any CPU
		{7186D6B4-76BB-4E4F-B281-A279725EA2DC}.Debug|Any CPU.ActiveCfg = Debug|Any CPU
		{7186D6B4-76BB-4E4F-B281-A279725EA2DC}.Debug|Any CPU.Build.0 = Debug|Any CPU
		{7186D6B4-76BB-4E4F-B281-A279725EA2DC}.Release|Any CPU.ActiveCfg = Release|Any CPU
		{7186D6B4-76BB-4E4F-B281-A279725EA2DC}.Release|Any CPU.Build.0 = Release|Any CPU
		{A2585F0D-AD69-4D19-8D7D-87BFBB07C080}.Debug|Any CPU.ActiveCfg = Debug|Any CPU
		{A2585F0D-AD69-4D19-8D7D-87BFBB07C080}.Debug|Any CPU.Build.0 = Debug|Any CPU
		{A2585F0D-AD69-4D19-8D7D-87BFBB07C080}.Release|Any CPU.ActiveCfg = Release|Any CPU
		{A2585F0D-AD69-4D19-8D7D-87BFBB07C080}.Release|Any CPU.Build.0 = Release|Any CPU
	EndGlobalSection
	GlobalSection(SolutionProperties) = preSolution
		HideSolutionNode = FALSE
	EndGlobalSection
	GlobalSection(NestedProjects) = preSolution
		{64C68C40-F974-4383-A5BA-DD465146755A} = {C4760894-085E-4A7F-91E3-6FCCEF8D3188}
		{15199D80-1B24-4168-A820-B8F15BEA2C91} = {0CCD53AE-3663-4050-A989-D984702A74E3}
		{EBD8C3E6-BD53-4E83-BD36-73D29207A731} = {850E623E-5898-4A1E-87D9-24E62C3E60A2}
		{E1D7B1A9-113D-4CF5-8E2B-63BC1C85CF0C} = {65008136-9E42-462C-A9D8-9B14283F6109}
		{CEFE734C-B061-413A-ACAE-C086B0A108DD} = {1A1E21E6-B071-446C-B410-1913ACE68416}
		{047D85C2-FF61-4E7F-B47D-6C2496705E6D} = {1A1E21E6-B071-446C-B410-1913ACE68416}
		{7D661DFB-D65B-44DF-AFB3-9060249A2B11} = {850E623E-5898-4A1E-87D9-24E62C3E60A2}
		{88E3B609-7328-4838-930D-47248CCE91F9} = {1A1E21E6-B071-446C-B410-1913ACE68416}
		{33F342DA-DED0-42DF-AFE0-387AC4A0A75E} = {96EB3EA2-2C5F-40B7-AAC5-3DF9782B2252}
		{7186D6B4-76BB-4E4F-B281-A279725EA2DC} = {850E623E-5898-4A1E-87D9-24E62C3E60A2}
		{A2585F0D-AD69-4D19-8D7D-87BFBB07C080} = {1A1E21E6-B071-446C-B410-1913ACE68416}
	EndGlobalSection
	GlobalSection(ExtensibilityGlobals) = postSolution
		SolutionGuid = {F3DAF13A-2974-4087-87BE-B77C46741866}
	EndGlobalSection
EndGlobal
